
Microsoft Visual Studio Solution File, Format Version 12.00
# Visual Studio Version 17
VisualStudioVersion = 17.7.34024.191
MinimumVisualStudioVersion = 10.0.40219.1
Project("{FAE04EC0-301F-11D3-BF4B-00C04F79EFBC}") = "WpfApp1", "WpfApp1\WpfApp1.csproj", "{2BEF2D0C-1724-450F-ABB5-522BF850E4C7}"
EndProject
Global
	GlobalSection(SolutionConfigurationPlatforms) = preSolution
		Debug|Any CPU = Debug|Any CPU
		Release|Any CPU = Release|Any CPU
	EndGlobalSection
	GlobalSection(ProjectConfigurationPlatforms) = postSolution
		{2BEF2D0C-1724-450F-ABB5-522BF850E4C7}.Debug|Any CPU.ActiveCfg = Debug|Any CPU
		{2BEF2D0C-1724-450F-ABB5-522BF850E4C7}.Debug|Any CPU.Build.0 = Debug|Any CPU
		{2BEF2D0C-1724-450F-ABB5-522BF850E4C7}.Release|Any CPU.ActiveCfg = Release|Any CPU
		{2BEF2D0C-1724-450F-ABB5-522BF850E4C7}.Release|Any CPU.Build.0 = Release|Any CPU
	EndGlobalSection
	GlobalSection(SolutionProperties) = preSolution
		HideSolutionNode = FALSE
	EndGlobalSection
	GlobalSection(ExtensibilityGlobals) = postSolution
		SolutionGuid = {CC2AA586-FFFC-41DC-B6CF-862597F71A2A}
	EndGlobalSection
EndGlobal
